
Microsoft Visual Studio Solution File, Format Version 12.00
# Visual Studio Version 17
VisualStudioVersion = 17.6.33815.320
MinimumVisualStudioVersion = 10.0.40219.1
Project("{9A19103F-16F7-4668-BE54-9A1E7A4F7556}") = "WebApplication1", "WebApplication1\WebApplication1.csproj", "{EBD1161D-670B-485C-AF2F-7F066AC6BF8C}"
EndProject
Project("{FAE04EC0-301F-11D3-BF4B-00C04F79EFBC}") = "ConsoleApp1", "ConsoleApp1\ConsoleApp1.csproj", "{EF76A478-14CD-4EE8-AEFF-7FFCB2B9DAB8}"
EndProject
Global
	GlobalSection(SolutionConfigurationPlatforms) = preSolution
		Debug|Any CPU = Debug|Any CPU
		Release|Any CPU = Release|Any CPU
	EndGlobalSection
	GlobalSection(ProjectConfigurationPlatforms) = postSolution
		{EBD1161D-670B-485C-AF2F-7F066AC6BF8C}.Debug|Any CPU.ActiveCfg = Debug|Any CPU
		{EBD1161D-670B-485C-AF2F-7F066AC6BF8C}.Debug|Any CPU.Build.0 = Debug|Any CPU
		{EBD1161D-670B-485C-AF2F-7F066AC6BF8C}.Release|Any CPU.ActiveCfg = Release|Any CPU
		{EBD1161D-670B-485C-AF2F-7F066AC6BF8C}.Release|Any CPU.Build.0 = Release|Any CPU
		{EF76A478-14CD-4EE8-AEFF-7FFCB2B9DAB8}.Debug|Any CPU.ActiveCfg = Debug|Any CPU
		{EF76A478-14CD-4EE8-AEFF-7FFCB2B9DAB8}.Debug|Any CPU.Build.0 = Debug|Any CPU
		{EF76A478-14CD-4EE8-AEFF-7FFCB2B9DAB8}.Release|Any CPU.ActiveCfg = Release|Any CPU
		{EF76A478-14CD-4EE8-AEFF-7FFCB2B9DAB8}.Release|Any CPU.Build.0 = Release|Any CPU
	EndGlobalSection
	GlobalSection(SolutionProperties) = preSolution
		HideSolutionNode = FALSE
	EndGlobalSection
	GlobalSection(ExtensibilityGlobals) = postSolution
		SolutionGuid = {85260A88-C50F-4D96-8938-C64208F7851B}
	EndGlobalSection
EndGlobal
